
Microsoft Visual Studio Solution File, Format Version 12.00
# Visual Studio 2017
Project("{FAE04EC0-301F-11D3-BF4B-00C04F79EFBC}") = "[ICS161] Game 1", "[ICS161] Game 1.csproj", "{F484E297-C0DD-5C65-BA53-94A6F619E8F0}"
EndProject
Global
	GlobalSection(SolutionConfigurationPlatforms) = preSolution
		Debug|Any CPU = Debug|Any CPU
		Release|Any CPU = Release|Any CPU
	EndGlobalSection
	GlobalSection(ProjectConfigurationPlatforms) = postSolution
		{F484E297-C0DD-5C65-BA53-94A6F619E8F0}.Debug|Any CPU.ActiveCfg = Debug|Any CPU
		{F484E297-C0DD-5C65-BA53-94A6F619E8F0}.Debug|Any CPU.Build.0 = Debug|Any CPU
		{F484E297-C0DD-5C65-BA53-94A6F619E8F0}.Release|Any CPU.ActiveCfg = Release|Any CPU
		{F484E297-C0DD-5C65-BA53-94A6F619E8F0}.Release|Any CPU.Build.0 = Release|Any CPU
	EndGlobalSection
	GlobalSection(SolutionProperties) = preSolution
		HideSolutionNode = FALSE
	EndGlobalSection
EndGlobal
